
Microsoft Visual Studio Solution File, Format Version 12.00
# Visual Studio Version 17
VisualStudioVersion = 17.14.36705.20
MinimumVisualStudioVersion = 10.0.40219.1
Project("{FAE04EC0-301F-11D3-BF4B-00C04F79EFBC}") = "EmpDir.Core", "EmpDir.Core\EmpDir.Core.csproj", "{130490F1-2B69-4557-85FF-AE7300973D4D}"
EndProject
Project("{FAE04EC0-301F-11D3-BF4B-00C04F79EFBC}") = "EmpDir.UI", "EmpDir.UI\EmpDir.UI.csproj", "{F12EEE0B-BDF4-4BA1-BBB4-954802433DA6}"
EndProject
Project("{FAE04EC0-301F-11D3-BF4B-00C04F79EFBC}") = "EmpDir.Api", "EmpDir.Api\EmpDir.Api.csproj", "{D4AA169F-E879-4063-A0E0-38CEDEBC2F24}"
EndProject
Project("{FAE04EC0-301F-11D3-BF4B-00C04F79EFBC}") = "EmpDir.Admin", "EmpDir.Admin\EmpDir.Admin.csproj", "{FF19D9F1-030D-4CD2-A78D-8115028DE5EF}"
EndProject
Project("{FAE04EC0-301F-11D3-BF4B-00C04F79EFBC}") = "EmpDir.Desktop", "EmpDir.Desktop\EmpDir.Desktop.csproj", "{83AA89FB-15AE-4823-9E7D-FBDEEAEF3398}"
EndProject
Global
	GlobalSection(SolutionConfigurationPlatforms) = preSolution
		Debug|Any CPU = Debug|Any CPU
		Release|Any CPU = Release|Any CPU
	EndGlobalSection
	GlobalSection(ProjectConfigurationPlatforms) = postSolution
		{130490F1-2B69-4557-85FF-AE7300973D4D}.Debug|Any CPU.ActiveCfg = Debug|Any CPU
		{130490F1-2B69-4557-85FF-AE7300973D4D}.Debug|Any CPU.Build.0 = Debug|Any CPU
		{130490F1-2B69-4557-85FF-AE7300973D4D}.Release|Any CPU.ActiveCfg = Release|Any CPU
		{130490F1-2B69-4557-85FF-AE7300973D4D}.Release|Any CPU.Build.0 = Release|Any CPU
		{F12EEE0B-BDF4-4BA1-BBB4-954802433DA6}.Debug|Any CPU.ActiveCfg = Debug|Any CPU
		{F12EEE0B-BDF4-4BA1-BBB4-954802433DA6}.Debug|Any CPU.Build.0 = Debug|Any CPU
		{F12EEE0B-BDF4-4BA1-BBB4-954802433DA6}.Release|Any CPU.ActiveCfg = Release|Any CPU
		{F12EEE0B-BDF4-4BA1-BBB4-954802433DA6}.Release|Any CPU.Build.0 = Release|Any CPU
		{D4AA169F-E879-4063-A0E0-38CEDEBC2F24}.Debug|Any CPU.ActiveCfg = Debug|Any CPU
		{D4AA169F-E879-4063-A0E0-38CEDEBC2F24}.Debug|Any CPU.Build.0 = Debug|Any CPU
		{D4AA169F-E879-4063-A0E0-38CEDEBC2F24}.Release|Any CPU.ActiveCfg = Release|Any CPU
		{D4AA169F-E879-4063-A0E0-38CEDEBC2F24}.Release|Any CPU.Build.0 = Release|Any CPU
		{FF19D9F1-030D-4CD2-A78D-8115028DE5EF}.Debug|Any CPU.ActiveCfg = Debug|Any CPU
		{FF19D9F1-030D-4CD2-A78D-8115028DE5EF}.Debug|Any CPU.Build.0 = Debug|Any CPU
		{FF19D9F1-030D-4CD2-A78D-8115028DE5EF}.Release|Any CPU.ActiveCfg = Release|Any CPU
		{FF19D9F1-030D-4CD2-A78D-8115028DE5EF}.Release|Any CPU.Build.0 = Release|Any CPU
		{83AA89FB-15AE-4823-9E7D-FBDEEAEF3398}.Debug|Any CPU.ActiveCfg = Debug|Any CPU
		{83AA89FB-15AE-4823-9E7D-FBDEEAEF3398}.Debug|Any CPU.Build.0 = Debug|Any CPU
		{83AA89FB-15AE-4823-9E7D-FBDEEAEF3398}.Release|Any CPU.ActiveCfg = Release|Any CPU
		{83AA89FB-15AE-4823-9E7D-FBDEEAEF3398}.Release|Any CPU.Build.0 = Release|Any CPU
	EndGlobalSection
	GlobalSection(SolutionProperties) = preSolution
		HideSolutionNode = FALSE
	EndGlobalSection
	GlobalSection(ExtensibilityGlobals) = postSolution
		SolutionGuid = {0FEF5A82-E312-49D0-96AA-1C41DFEC2FD6}
	EndGlobalSection
EndGlobal
